// !$*UTF8*$!
{
	archiveVersion = 1;
	classes = {
	};
	objectVersion = 50;
	objects = {

/* Begin PBXBuildFile section */
		2826D9D87AE5E7DE84119FE4 /* Pods_TrackBit.framework in Frameworks */ = {isa = PBXBuildFile; fileRef = 0DDD1B230C68454422D94FED /* Pods_TrackBit.framework */; };
		8607B6FC20F2423B00E17948 /* HeaderView.swift in Sources */ = {isa = PBXBuildFile; fileRef = 8607B6FB20F2423B00E17948 /* HeaderView.swift */; };
		8607B6FF20F243C300E17948 /* BodyView.swift in Sources */ = {isa = PBXBuildFile; fileRef = 8607B6FE20F243C300E17948 /* BodyView.swift */; };
		8607B70120F243CE00E17948 /* PriceView.swift in Sources */ = {isa = PBXBuildFile; fileRef = 8607B70020F243CE00E17948 /* PriceView.swift */; };
		8607B70320F243DB00E17948 /* BottomView.swift in Sources */ = {isa = PBXBuildFile; fileRef = 8607B70220F243DB00E17948 /* BottomView.swift */; };
		8607B70520F24B0300E17948 /* UIVIew+Animations.swift in Sources */ = {isa = PBXBuildFile; fileRef = 8607B70420F24B0300E17948 /* UIVIew+Animations.swift */; };
		8607B70720F2521900E17948 /* Float+Extension.swift in Sources */ = {isa = PBXBuildFile; fileRef = 8607B70620F2521900E17948 /* Float+Extension.swift */; };
		8607B70920F2542700E17948 /* Date+Formatter.swift in Sources */ = {isa = PBXBuildFile; fileRef = 8607B70820F2542700E17948 /* Date+Formatter.swift */; };
		8607B70B20F25BD600E17948 /* ReferenceType.swift in Sources */ = {isa = PBXBuildFile; fileRef = 8607B70A20F25BD600E17948 /* ReferenceType.swift */; };
		8607B70D20F2650100E17948 /* MarketPriceApiService.swift in Sources */ = {isa = PBXBuildFile; fileRef = 8607B70C20F2650100E17948 /* MarketPriceApiService.swift */; };
		8607B70F20F2665000E17948 /* MarketPriceRouter.swift in Sources */ = {isa = PBXBuildFile; fileRef = 8607B70E20F2665000E17948 /* MarketPriceRouter.swift */; };
		861A6EEB20F377B700E10EE8 /* ViewController+HeaderViewDelegate.swift in Sources */ = {isa = PBXBuildFile; fileRef = 861A6EEA20F377B700E10EE8 /* ViewController+HeaderViewDelegate.swift */; };
		862662FC20FAB3DD000C86C3 /* ChartView.swift in Sources */ = {isa = PBXBuildFile; fileRef = 862662FB20FAB3DD000C86C3 /* ChartView.swift */; };
		8652DD1820F27A4600A726AA /* MarketPrice.swift in Sources */ = {isa = PBXBuildFile; fileRef = 8652DD1720F27A4600A726AA /* MarketPrice.swift */; };
		8652DD1B20F2837E00A726AA /* Date+Extensions.swift in Sources */ = {isa = PBXBuildFile; fileRef = 8652DD1A20F2837E00A726AA /* Date+Extensions.swift */; };
		8652DD1D20F289AD00A726AA /* MarketPriceService.swift in Sources */ = {isa = PBXBuildFile; fileRef = 8652DD1C20F289AD00A726AA /* MarketPriceService.swift */; };
		86553FAC2118E34400F91102 /* UserDefaults+Extensions.swift in Sources */ = {isa = PBXBuildFile; fileRef = 86553FAB2118E34400F91102 /* UserDefaults+Extensions.swift */; };
		8685466020F2AD6700AEC237 /* HistoryView.swift in Sources */ = {isa = PBXBuildFile; fileRef = 8685465F20F2AD6700AEC237 /* HistoryView.swift */; };
		8685466220F2B8CE00AEC237 /* ViewController+TickerSeviceDelegate.swift in Sources */ = {isa = PBXBuildFile; fileRef = 8685466120F2B8CE00AEC237 /* ViewController+TickerSeviceDelegate.swift */; };
		86A72CE620F423E200137669 /* ViewController+marketPriceDelegate.swift in Sources */ = {isa = PBXBuildFile; fileRef = 86A72CE520F423E200137669 /* ViewController+marketPriceDelegate.swift */; };
		86E2DD2D2118E88C00AE5E0A /* CustomButton.swift in Sources */ = {isa = PBXBuildFile; fileRef = 86E2DD2C2118E88C00AE5E0A /* CustomButton.swift */; };
		86E2DD322118F4FB00AE5E0A /* UIView+Extenstions.swift in Sources */ = {isa = PBXBuildFile; fileRef = 86E2DD312118F4FB00AE5E0A /* UIView+Extenstions.swift */; };
		86ECAB1C20F1600100EED033 /* AppDelegate.swift in Sources */ = {isa = PBXBuildFile; fileRef = 86ECAB1B20F1600100EED033 /* AppDelegate.swift */; };
		86ECAB1E20F1600100EED033 /* ViewController.swift in Sources */ = {isa = PBXBuildFile; fileRef = 86ECAB1D20F1600100EED033 /* ViewController.swift */; };
		86ECAB2120F1600100EED033 /* Main.storyboard in Resources */ = {isa = PBXBuildFile; fileRef = 86ECAB1F20F1600100EED033 /* Main.storyboard */; };
		86ECAB2320F1600200EED033 /* Assets.xcassets in Resources */ = {isa = PBXBuildFile; fileRef = 86ECAB2220F1600200EED033 /* Assets.xcassets */; };
		86ECAB2620F1600200EED033 /* LaunchScreen.storyboard in Resources */ = {isa = PBXBuildFile; fileRef = 86ECAB2420F1600200EED033 /* LaunchScreen.storyboard */; };
		86ECAB2F20F1605F00EED033 /* TickerApiService.swift in Sources */ = {isa = PBXBuildFile; fileRef = 86ECAB2E20F1605F00EED033 /* TickerApiService.swift */; };
		86ECAB3120F160A100EED033 /* TickerService.swift in Sources */ = {isa = PBXBuildFile; fileRef = 86ECAB3020F160A100EED033 /* TickerService.swift */; };
		86ECAB3320F160AC00EED033 /* Service.swift in Sources */ = {isa = PBXBuildFile; fileRef = 86ECAB3220F160AC00EED033 /* Service.swift */; };
		86ECAB3620F160F500EED033 /* Ticker.swift in Sources */ = {isa = PBXBuildFile; fileRef = 86ECAB3520F160F500EED033 /* Ticker.swift */; };
		86ECAB3820F1612E00EED033 /* TickerRouter.swift in Sources */ = {isa = PBXBuildFile; fileRef = 86ECAB3720F1612E00EED033 /* TickerRouter.swift */; };
		86ECAB3A20F1634800EED033 /* APIService.swift in Sources */ = {isa = PBXBuildFile; fileRef = 86ECAB3920F1634800EED033 /* APIService.swift */; };
/* End PBXBuildFile section */

/* Begin PBXFileReference section */
		0DDD1B230C68454422D94FED /* Pods_TrackBit.framework */ = {isa = PBXFileReference; explicitFileType = wrapper.framework; includeInIndex = 0; path = Pods_TrackBit.framework; sourceTree = BUILT_PRODUCTS_DIR; };
		4B9A9120757FD2CDF7413A74 /* Pods-TrackBit.debug.xcconfig */ = {isa = PBXFileReference; includeInIndex = 1; lastKnownFileType = text.xcconfig; name = "Pods-TrackBit.debug.xcconfig"; path = "Pods/Target Support Files/Pods-TrackBit/Pods-TrackBit.debug.xcconfig"; sourceTree = "<group>"; };
		8607B6FB20F2423B00E17948 /* HeaderView.swift */ = {isa = PBXFileReference; lastKnownFileType = sourcecode.swift; path = HeaderView.swift; sourceTree = "<group>"; };
		8607B6FE20F243C300E17948 /* BodyView.swift */ = {isa = PBXFileReference; lastKnownFileType = sourcecode.swift; path = BodyView.swift; sourceTree = "<group>"; };
		8607B70020F243CE00E17948 /* PriceView.swift */ = {isa = PBXFileReference; lastKnownFileType = sourcecode.swift; path = PriceView.swift; sourceTree = "<group>"; };
		8607B70220F243DB00E17948 /* BottomView.swift */ = {isa = PBXFileReference; lastKnownFileType = sourcecode.swift; path = BottomView.swift; sourceTree = "<group>"; };
		8607B70420F24B0300E17948 /* UIVIew+Animations.swift */ = {isa = PBXFileReference; lastKnownFileType = sourcecode.swift; path = "UIVIew+Animations.swift"; sourceTree = "<group>"; };
		8607B70620F2521900E17948 /* Float+Extension.swift */ = {isa = PBXFileReference; lastKnownFileType = sourcecode.swift; path = "Float+Extension.swift"; sourceTree = "<group>"; };
		8607B70820F2542700E17948 /* Date+Formatter.swift */ = {isa = PBXFileReference; lastKnownFileType = sourcecode.swift; path = "Date+Formatter.swift"; sourceTree = "<group>"; };
		8607B70A20F25BD600E17948 /* ReferenceType.swift */ = {isa = PBXFileReference; lastKnownFileType = sourcecode.swift; path = ReferenceType.swift; sourceTree = "<group>"; };
		8607B70C20F2650100E17948 /* MarketPriceApiService.swift */ = {isa = PBXFileReference; lastKnownFileType = sourcecode.swift; path = MarketPriceApiService.swift; sourceTree = "<group>"; };
		8607B70E20F2665000E17948 /* MarketPriceRouter.swift */ = {isa = PBXFileReference; lastKnownFileType = sourcecode.swift; path = MarketPriceRouter.swift; sourceTree = "<group>"; };
		861A6EEA20F377B700E10EE8 /* ViewController+HeaderViewDelegate.swift */ = {isa = PBXFileReference; lastKnownFileType = sourcecode.swift; path = "ViewController+HeaderViewDelegate.swift"; sourceTree = "<group>"; };
		862662FB20FAB3DD000C86C3 /* ChartView.swift */ = {isa = PBXFileReference; lastKnownFileType = sourcecode.swift; path = ChartView.swift; sourceTree = "<group>"; };
		8652DD1720F27A4600A726AA /* MarketPrice.swift */ = {isa = PBXFileReference; lastKnownFileType = sourcecode.swift; path = MarketPrice.swift; sourceTree = "<group>"; };
		8652DD1A20F2837E00A726AA /* Date+Extensions.swift */ = {isa = PBXFileReference; lastKnownFileType = sourcecode.swift; path = "Date+Extensions.swift"; sourceTree = "<group>"; };
		8652DD1C20F289AD00A726AA /* MarketPriceService.swift */ = {isa = PBXFileReference; lastKnownFileType = sourcecode.swift; path = MarketPriceService.swift; sourceTree = "<group>"; };
		86553FAB2118E34400F91102 /* UserDefaults+Extensions.swift */ = {isa = PBXFileReference; lastKnownFileType = sourcecode.swift; path = "UserDefaults+Extensions.swift"; sourceTree = "<group>"; };
		8685465F20F2AD6700AEC237 /* HistoryView.swift */ = {isa = PBXFileReference; lastKnownFileType = sourcecode.swift; path = HistoryView.swift; sourceTree = "<group>"; };
		8685466120F2B8CE00AEC237 /* ViewController+TickerSeviceDelegate.swift */ = {isa = PBXFileReference; lastKnownFileType = sourcecode.swift; path = "ViewController+TickerSeviceDelegate.swift"; sourceTree = "<group>"; };
		86A72CE520F423E200137669 /* ViewController+marketPriceDelegate.swift */ = {isa = PBXFileReference; lastKnownFileType = sourcecode.swift; path = "ViewController+marketPriceDelegate.swift"; sourceTree = "<group>"; };
		86E2DD2C2118E88C00AE5E0A /* CustomButton.swift */ = {isa = PBXFileReference; lastKnownFileType = sourcecode.swift; path = CustomButton.swift; sourceTree = "<group>"; };
		86E2DD312118F4FB00AE5E0A /* UIView+Extenstions.swift */ = {isa = PBXFileReference; lastKnownFileType = sourcecode.swift; path = "UIView+Extenstions.swift"; sourceTree = "<group>"; };
		86ECAB1820F1600100EED033 /* TrackBit.app */ = {isa = PBXFileReference; explicitFileType = wrapper.application; includeInIndex = 0; path = TrackBit.app; sourceTree = BUILT_PRODUCTS_DIR; };
		86ECAB1B20F1600100EED033 /* AppDelegate.swift */ = {isa = PBXFileReference; lastKnownFileType = sourcecode.swift; path = AppDelegate.swift; sourceTree = "<group>"; };
		86ECAB1D20F1600100EED033 /* ViewController.swift */ = {isa = PBXFileReference; lastKnownFileType = sourcecode.swift; path = ViewController.swift; sourceTree = "<group>"; };
		86ECAB2020F1600100EED033 /* Base */ = {isa = PBXFileReference; lastKnownFileType = file.storyboard; name = Base; path = Base.lproj/Main.storyboard; sourceTree = "<group>"; };
		86ECAB2220F1600200EED033 /* Assets.xcassets */ = {isa = PBXFileReference; lastKnownFileType = folder.assetcatalog; path = Assets.xcassets; sourceTree = "<group>"; };
		86ECAB2520F1600200EED033 /* Base */ = {isa = PBXFileReference; lastKnownFileType = file.storyboard; name = Base; path = Base.lproj/LaunchScreen.storyboard; sourceTree = "<group>"; };
		86ECAB2720F1600200EED033 /* Info.plist */ = {isa = PBXFileReference; lastKnownFileType = text.plist.xml; path = Info.plist; sourceTree = "<group>"; };
		86ECAB2E20F1605F00EED033 /* TickerApiService.swift */ = {isa = PBXFileReference; lastKnownFileType = sourcecode.swift; path = TickerApiService.swift; sourceTree = "<group>"; };
		86ECAB3020F160A100EED033 /* TickerService.swift */ = {isa = PBXFileReference; lastKnownFileType = sourcecode.swift; path = TickerService.swift; sourceTree = "<group>"; };
		86ECAB3220F160AC00EED033 /* Service.swift */ = {isa = PBXFileReference; lastKnownFileType = sourcecode.swift; path = Service.swift; sourceTree = "<group>"; };
		86ECAB3520F160F500EED033 /* Ticker.swift */ = {isa = PBXFileReference; lastKnownFileType = sourcecode.swift; path = Ticker.swift; sourceTree = "<group>"; };
		86ECAB3720F1612E00EED033 /* TickerRouter.swift */ = {isa = PBXFileReference; lastKnownFileType = sourcecode.swift; path = TickerRouter.swift; sourceTree = "<group>"; };
		86ECAB3920F1634800EED033 /* APIService.swift */ = {isa = PBXFileReference; lastKnownFileType = sourcecode.swift; path = APIService.swift; sourceTree = "<group>"; };
		FE653553CB3FA59C5D941F16 /* Pods-TrackBit.release.xcconfig */ = {isa = PBXFileReference; includeInIndex = 1; lastKnownFileType = text.xcconfig; name = "Pods-TrackBit.release.xcconfig"; path = "Pods/Target Support Files/Pods-TrackBit/Pods-TrackBit.release.xcconfig"; sourceTree = "<group>"; };
/* End PBXFileReference section */

/* Begin PBXFrameworksBuildPhase section */
		86ECAB1520F1600100EED033 /* Frameworks */ = {
			isa = PBXFrameworksBuildPhase;
			buildActionMask = 2147483647;
			files = (
				2826D9D87AE5E7DE84119FE4 /* Pods_TrackBit.framework in Frameworks */,
			);
			runOnlyForDeploymentPostprocessing = 0;
		};
/* End PBXFrameworksBuildPhase section */

/* Begin PBXGroup section */
		0A18366ECE264D91E99ED310 /* Pods */ = {
			isa = PBXGroup;
			children = (
				4B9A9120757FD2CDF7413A74 /* Pods-TrackBit.debug.xcconfig */,
				FE653553CB3FA59C5D941F16 /* Pods-TrackBit.release.xcconfig */,
			);
			name = Pods;
			sourceTree = "<group>";
		};
		67755C49A2425E61FE45865B /* Frameworks */ = {
			isa = PBXGroup;
			children = (
				0DDD1B230C68454422D94FED /* Pods_TrackBit.framework */,
			);
			name = Frameworks;
			sourceTree = "<group>";
		};
		8607B6FA20F2422D00E17948 /* View */ = {
			isa = PBXGroup;
			children = (
				86E2DD302118F48700AE5E0A /* Controllers */,
				8607B6FB20F2423B00E17948 /* HeaderView.swift */,
				8607B6FE20F243C300E17948 /* BodyView.swift */,
				8607B70020F243CE00E17948 /* PriceView.swift */,
				8607B70220F243DB00E17948 /* BottomView.swift */,
				8685465F20F2AD6700AEC237 /* HistoryView.swift */,
				862662FB20FAB3DD000C86C3 /* ChartView.swift */,
				86E2DD2C2118E88C00AE5E0A /* CustomButton.swift */,
			);
			path = View;
			sourceTree = "<group>";
		};
		8607B6FD20F2428E00E17948 /* Helper */ = {
			isa = PBXGroup;
			children = (
				8607B70420F24B0300E17948 /* UIVIew+Animations.swift */,
				8607B70620F2521900E17948 /* Float+Extension.swift */,
				8607B70820F2542700E17948 /* Date+Formatter.swift */,
				8652DD1A20F2837E00A726AA /* Date+Extensions.swift */,
				86553FAB2118E34400F91102 /* UserDefaults+Extensions.swift */,
				86E2DD312118F4FB00AE5E0A /* UIView+Extenstions.swift */,
			);
			path = Helper;
			sourceTree = "<group>";
		};
		8652DD1620F279C000A726AA /* API */ = {
			isa = PBXGroup;
			children = (
				8607B70E20F2665000E17948 /* MarketPriceRouter.swift */,
				86ECAB3720F1612E00EED033 /* TickerRouter.swift */,
				86ECAB3920F1634800EED033 /* APIService.swift */,
				8607B70C20F2650100E17948 /* MarketPriceApiService.swift */,
				86ECAB2E20F1605F00EED033 /* TickerApiService.swift */,
			);
			path = API;
			sourceTree = "<group>";
		};
		86E2DD302118F48700AE5E0A /* Controllers */ = {
			isa = PBXGroup;
			children = (
				86ECAB1D20F1600100EED033 /* ViewController.swift */,
				8685466120F2B8CE00AEC237 /* ViewController+TickerSeviceDelegate.swift */,
				861A6EEA20F377B700E10EE8 /* ViewController+HeaderViewDelegate.swift */,
				86A72CE520F423E200137669 /* ViewController+marketPriceDelegate.swift */,
			);
			path = Controllers;
			sourceTree = "<group>";
		};
		86ECAB0F20F1600100EED033 = {
			isa = PBXGroup;
			children = (
				86ECAB1A20F1600100EED033 /* TrackBit */,
				86ECAB1920F1600100EED033 /* Products */,
				0A18366ECE264D91E99ED310 /* Pods */,
				67755C49A2425E61FE45865B /* Frameworks */,
			);
			sourceTree = "<group>";
		};
		86ECAB1920F1600100EED033 /* Products */ = {
			isa = PBXGroup;
			children = (
				86ECAB1820F1600100EED033 /* TrackBit.app */,
			);
			name = Products;
			sourceTree = "<group>";
		};
		86ECAB1A20F1600100EED033 /* TrackBit */ = {
			isa = PBXGroup;
			children = (
				8607B6FA20F2422D00E17948 /* View */,
				8607B6FD20F2428E00E17948 /* Helper */,
				86ECAB3420F160EE00EED033 /* Model */,
				86ECAB2D20F1600E00EED033 /* Service */,
				86ECAB1B20F1600100EED033 /* AppDelegate.swift */,
				86ECAB1F20F1600100EED033 /* Main.storyboard */,
				86ECAB2220F1600200EED033 /* Assets.xcassets */,
				86ECAB2420F1600200EED033 /* LaunchScreen.storyboard */,
				86ECAB2720F1600200EED033 /* Info.plist */,
			);
			path = TrackBit;
			sourceTree = "<group>";
		};
		86ECAB2D20F1600E00EED033 /* Service */ = {
			isa = PBXGroup;
			children = (
				86ECAB3220F160AC00EED033 /* Service.swift */,
				8652DD1C20F289AD00A726AA /* MarketPriceService.swift */,
				86ECAB3020F160A100EED033 /* TickerService.swift */,
				8652DD1620F279C000A726AA /* API */,
			);
			path = Service;
			sourceTree = "<group>";
		};
		86ECAB3420F160EE00EED033 /* Model */ = {
			isa = PBXGroup;
			children = (
				86ECAB3520F160F500EED033 /* Ticker.swift */,
				8607B70A20F25BD600E17948 /* ReferenceType.swift */,
				8652DD1720F27A4600A726AA /* MarketPrice.swift */,
			);
			path = Model;
			sourceTree = "<group>";
		};
/* End PBXGroup section */

/* Begin PBXNativeTarget section */
		86ECAB1720F1600100EED033 /* TrackBit */ = {
			isa = PBXNativeTarget;
			buildConfigurationList = 86ECAB2A20F1600200EED033 /* Build configuration list for PBXNativeTarget "TrackBit" */;
			buildPhases = (
				9387D364C996B732CAE1B40E /* [CP] Check Pods Manifest.lock */,
				86ECAB1420F1600100EED033 /* Sources */,
				86ECAB1520F1600100EED033 /* Frameworks */,
				86ECAB1620F1600100EED033 /* Resources */,
				C8037D94F4D89B1A834030FA /* [CP] Embed Pods Frameworks */,
			);
			buildRules = (
			);
			dependencies = (
			);
			name = TrackBit;
			productName = TrackBit;
			productReference = 86ECAB1820F1600100EED033 /* TrackBit.app */;
			productType = "com.apple.product-type.application";
		};
/* End PBXNativeTarget section */

/* Begin PBXProject section */
		86ECAB1020F1600100EED033 /* Project object */ = {
			isa = PBXProject;
			attributes = {
				LastSwiftUpdateCheck = 0940;
				LastUpgradeCheck = 0940;
				ORGANIZATIONNAME = Vladislav;
				TargetAttributes = {
					86ECAB1720F1600100EED033 = {
						CreatedOnToolsVersion = 9.4;
					};
				};
			};
			buildConfigurationList = 86ECAB1320F1600100EED033 /* Build configuration list for PBXProject "TrackBit" */;
			compatibilityVersion = "Xcode 9.3";
			developmentRegion = en;
			hasScannedForEncodings = 0;
			knownRegions = (
				en,
				Base,
			);
			mainGroup = 86ECAB0F20F1600100EED033;
			productRefGroup = 86ECAB1920F1600100EED033 /* Products */;
			projectDirPath = "";
			projectRoot = "";
			targets = (
				86ECAB1720F1600100EED033 /* TrackBit */,
			);
		};
/* End PBXProject section */

/* Begin PBXResourcesBuildPhase section */
		86ECAB1620F1600100EED033 /* Resources */ = {
			isa = PBXResourcesBuildPhase;
			buildActionMask = 2147483647;
			files = (
				86ECAB2620F1600200EED033 /* LaunchScreen.storyboard in Resources */,
				86ECAB2320F1600200EED033 /* Assets.xcassets in Resources */,
				86ECAB2120F1600100EED033 /* Main.storyboard in Resources */,
			);
			runOnlyForDeploymentPostprocessing = 0;
		};
/* End PBXResourcesBuildPhase section */

/* Begin PBXShellScriptBuildPhase section */
		9387D364C996B732CAE1B40E /* [CP] Check Pods Manifest.lock */ = {
			isa = PBXShellScriptBuildPhase;
			buildActionMask = 2147483647;
			files = (
			);
			inputPaths = (
				"${PODS_PODFILE_DIR_PATH}/Podfile.lock",
				"${PODS_ROOT}/Manifest.lock",
			);
			name = "[CP] Check Pods Manifest.lock";
			outputPaths = (
				"$(DERIVED_FILE_DIR)/Pods-TrackBit-checkManifestLockResult.txt",
			);
			runOnlyForDeploymentPostprocessing = 0;
			shellPath = /bin/sh;
			shellScript = "diff \"${PODS_PODFILE_DIR_PATH}/Podfile.lock\" \"${PODS_ROOT}/Manifest.lock\" > /dev/null\nif [ $? != 0 ] ; then\n    # print error to STDERR\n    echo \"error: The sandbox is not in sync with the Podfile.lock. Run 'pod install' or update your CocoaPods installation.\" >&2\n    exit 1\nfi\n# This output is used by Xcode 'outputs' to avoid re-running this script phase.\necho \"SUCCESS\" > \"${SCRIPT_OUTPUT_FILE_0}\"\n";
			showEnvVarsInLog = 0;
		};
		C8037D94F4D89B1A834030FA /* [CP] Embed Pods Frameworks */ = {
			isa = PBXShellScriptBuildPhase;
			buildActionMask = 2147483647;
			files = (
			);
			inputPaths = (
				"${SRCROOT}/Pods/Target Support Files/Pods-TrackBit/Pods-TrackBit-frameworks.sh",
				"${BUILT_PRODUCTS_DIR}/Alamofire/Alamofire.framework",
				"${BUILT_PRODUCTS_DIR}/Charts/Charts.framework",
			);
			name = "[CP] Embed Pods Frameworks";
			outputPaths = (
				"${TARGET_BUILD_DIR}/${FRAMEWORKS_FOLDER_PATH}/Alamofire.framework",
				"${TARGET_BUILD_DIR}/${FRAMEWORKS_FOLDER_PATH}/Charts.framework",
			);
			runOnlyForDeploymentPostprocessing = 0;
			shellPath = /bin/sh;
			shellScript = "\"${SRCROOT}/Pods/Target Support Files/Pods-TrackBit/Pods-TrackBit-frameworks.sh\"\n";
			showEnvVarsInLog = 0;
		};
/* End PBXShellScriptBuildPhase section */

/* Begin PBXSourcesBuildPhase section */
		86ECAB1420F1600100EED033 /* Sources */ = {
			isa = PBXSourcesBuildPhase;
			buildActionMask = 2147483647;
			files = (
				86ECAB1E20F1600100EED033 /* ViewController.swift in Sources */,
				8607B6FC20F2423B00E17948 /* HeaderView.swift in Sources */,
				8685466220F2B8CE00AEC237 /* ViewController+TickerSeviceDelegate.swift in Sources */,
				861A6EEB20F377B700E10EE8 /* ViewController+HeaderViewDelegate.swift in Sources */,
				86E2DD2D2118E88C00AE5E0A /* CustomButton.swift in Sources */,
				86E2DD322118F4FB00AE5E0A /* UIView+Extenstions.swift in Sources */,
				8607B6FF20F243C300E17948 /* BodyView.swift in Sources */,
				8607B70320F243DB00E17948 /* BottomView.swift in Sources */,
				8607B70120F243CE00E17948 /* PriceView.swift in Sources */,
				8685466020F2AD6700AEC237 /* HistoryView.swift in Sources */,
				86ECAB3620F160F500EED033 /* Ticker.swift in Sources */,
				86ECAB3120F160A100EED033 /* TickerService.swift in Sources */,
				8607B70520F24B0300E17948 /* UIVIew+Animations.swift in Sources */,
				8607B70F20F2665000E17948 /* MarketPriceRouter.swift in Sources */,
				86ECAB3320F160AC00EED033 /* Service.swift in Sources */,
				86ECAB3820F1612E00EED033 /* TickerRouter.swift in Sources */,
				8607B70920F2542700E17948 /* Date+Formatter.swift in Sources */,
				86ECAB1C20F1600100EED033 /* AppDelegate.swift in Sources */,
				8652DD1B20F2837E00A726AA /* Date+Extensions.swift in Sources */,
				86ECAB3A20F1634800EED033 /* APIService.swift in Sources */,
				86553FAC2118E34400F91102 /* UserDefaults+Extensions.swift in Sources */,
				8652DD1D20F289AD00A726AA /* MarketPriceService.swift in Sources */,
				8607B70720F2521900E17948 /* Float+Extension.swift in Sources */,
				8607B70D20F2650100E17948 /* MarketPriceApiService.swift in Sources */,
				8652DD1820F27A4600A726AA /* MarketPrice.swift in Sources */,
				86ECAB2F20F1605F00EED033 /* TickerApiService.swift in Sources */,
				862662FC20FAB3DD000C86C3 /* ChartView.swift in Sources */,
				86A72CE620F423E200137669 /* ViewController+marketPriceDelegate.swift in Sources */,
				8607B70B20F25BD600E17948 /* ReferenceType.swift in Sources */,
			);
			runOnlyForDeploymentPostprocessing = 0;
		};
/* End PBXSourcesBuildPhase section */

/* Begin PBXVariantGroup section */
		86ECAB1F20F1600100EED033 /* Main.storyboard */ = {
			isa = PBXVariantGroup;
			children = (
				86ECAB2020F1600100EED033 /* Base */,
			);
			name = Main.storyboard;
			sourceTree = "<group>";
		};
		86ECAB2420F1600200EED033 /* LaunchScreen.storyboard */ = {
			isa = PBXVariantGroup;
			children = (
				86ECAB2520F1600200EED033 /* Base */,
			);
			name = LaunchScreen.storyboard;
			sourceTree = "<group>";
		};
/* End PBXVariantGroup section */

/* Begin XCBuildConfiguration section */
		86ECAB2820F1600200EED033 /* Debug */ = {
			isa = XCBuildConfiguration;
			buildSettings = {
				ALWAYS_SEARCH_USER_PATHS = NO;
				CLANG_ANALYZER_NONNULL = YES;
				CLANG_ANALYZER_NUMBER_OBJECT_CONVERSION = YES_AGGRESSIVE;
				CLANG_CXX_LANGUAGE_STANDARD = "gnu++14";
				CLANG_CXX_LIBRARY = "libc++";
				CLANG_ENABLE_MODULES = YES;
				CLANG_ENABLE_OBJC_ARC = YES;
				CLANG_ENABLE_OBJC_WEAK = YES;
				CLANG_WARN_BLOCK_CAPTURE_AUTORELEASING = YES;
				CLANG_WARN_BOOL_CONVERSION = YES;
				CLANG_WARN_COMMA = YES;
				CLANG_WARN_CONSTANT_CONVERSION = YES;
				CLANG_WARN_DEPRECATED_OBJC_IMPLEMENTATIONS = YES;
				CLANG_WARN_DIRECT_OBJC_ISA_USAGE = YES_ERROR;
				CLANG_WARN_DOCUMENTATION_COMMENTS = YES;
				CLANG_WARN_EMPTY_BODY = YES;
				CLANG_WARN_ENUM_CONVERSION = YES;
				CLANG_WARN_INFINITE_RECURSION = YES;
				CLANG_WARN_INT_CONVERSION = YES;
				CLANG_WARN_NON_LITERAL_NULL_CONVERSION = YES;
				CLANG_WARN_OBJC_IMPLICIT_RETAIN_SELF = YES;
				CLANG_WARN_OBJC_LITERAL_CONVERSION = YES;
				CLANG_WARN_OBJC_ROOT_CLASS = YES_ERROR;
				CLANG_WARN_RANGE_LOOP_ANALYSIS = YES;
				CLANG_WARN_STRICT_PROTOTYPES = YES;
				CLANG_WARN_SUSPICIOUS_MOVE = YES;
				CLANG_WARN_UNGUARDED_AVAILABILITY = YES_AGGRESSIVE;
				CLANG_WARN_UNREACHABLE_CODE = YES;
				CLANG_WARN__DUPLICATE_METHOD_MATCH = YES;
				CODE_SIGN_IDENTITY = "iPhone Developer";
				COPY_PHASE_STRIP = NO;
				DEBUG_INFORMATION_FORMAT = dwarf;
				ENABLE_STRICT_OBJC_MSGSEND = YES;
				ENABLE_TESTABILITY = YES;
				GCC_C_LANGUAGE_STANDARD = gnu11;
				GCC_DYNAMIC_NO_PIC = NO;
				GCC_NO_COMMON_BLOCKS = YES;
				GCC_OPTIMIZATION_LEVEL = 0;
				GCC_PREPROCESSOR_DEFINITIONS = (
					"DEBUG=1",
					"$(inherited)",
				);
				GCC_WARN_64_TO_32_BIT_CONVERSION = YES;
				GCC_WARN_ABOUT_RETURN_TYPE = YES_ERROR;
				GCC_WARN_UNDECLARED_SELECTOR = YES;
				GCC_WARN_UNINITIALIZED_AUTOS = YES_AGGRESSIVE;
				GCC_WARN_UNUSED_FUNCTION = YES;
				GCC_WARN_UNUSED_VARIABLE = YES;
				IPHONEOS_DEPLOYMENT_TARGET = 11.4;
				MTL_ENABLE_DEBUG_INFO = YES;
				ONLY_ACTIVE_ARCH = YES;
				SDKROOT = iphoneos;
				SWIFT_ACTIVE_COMPILATION_CONDITIONS = DEBUG;
				SWIFT_OPTIMIZATION_LEVEL = "-Onone";
			};
			name = Debug;
		};
		86ECAB2920F1600200EED033 /* Release */ = {
			isa = XCBuildConfiguration;
			buildSettings = {
				ALWAYS_SEARCH_USER_PATHS = NO;
				CLANG_ANALYZER_NONNULL = YES;
				CLANG_ANALYZER_NUMBER_OBJECT_CONVERSION = YES_AGGRESSIVE;
				CLANG_CXX_LANGUAGE_STANDARD = "gnu++14";
				CLANG_CXX_LIBRARY = "libc++";
				CLANG_ENABLE_MODULES = YES;
				CLANG_ENABLE_OBJC_ARC = YES;
				CLANG_ENABLE_OBJC_WEAK = YES;
				CLANG_WARN_BLOCK_CAPTURE_AUTORELEASING = YES;
				CLANG_WARN_BOOL_CONVERSION = YES;
				CLANG_WARN_COMMA = YES;
				CLANG_WARN_CONSTANT_CONVERSION = YES;
				CLANG_WARN_DEPRECATED_OBJC_IMPLEMENTATIONS = YES;
				CLANG_WARN_DIRECT_OBJC_ISA_USAGE = YES_ERROR;
				CLANG_WARN_DOCUMENTATION_COMMENTS = YES;
				CLANG_WARN_EMPTY_BODY = YES;
				CLANG_WARN_ENUM_CONVERSION = YES;
				CLANG_WARN_INFINITE_RECURSION = YES;
				CLANG_WARN_INT_CONVERSION = YES;
				CLANG_WARN_NON_LITERAL_NULL_CONVERSION = YES;
				CLANG_WARN_OBJC_IMPLICIT_RETAIN_SELF = YES;
				CLANG_WARN_OBJC_LITERAL_CONVERSION = YES;
				CLANG_WARN_OBJC_ROOT_CLASS = YES_ERROR;
				CLANG_WARN_RANGE_LOOP_ANALYSIS = YES;
				CLANG_WARN_STRICT_PROTOTYPES = YES;
				CLANG_WARN_SUSPICIOUS_MOVE = YES;
				CLANG_WARN_UNGUARDED_AVAILABILITY = YES_AGGRESSIVE;
				CLANG_WARN_UNREACHABLE_CODE = YES;
				CLANG_WARN__DUPLICATE_METHOD_MATCH = YES;
				CODE_SIGN_IDENTITY = "iPhone Developer";
				COPY_PHASE_STRIP = NO;
				DEBUG_INFORMATION_FORMAT = "dwarf-with-dsym";
				ENABLE_NS_ASSERTIONS = NO;
				ENABLE_STRICT_OBJC_MSGSEND = YES;
				GCC_C_LANGUAGE_STANDARD = gnu11;
				GCC_NO_COMMON_BLOCKS = YES;
				GCC_WARN_64_TO_32_BIT_CONVERSION = YES;
				GCC_WARN_ABOUT_RETURN_TYPE = YES_ERROR;
				GCC_WARN_UNDECLARED_SELECTOR = YES;
				GCC_WARN_UNINITIALIZED_AUTOS = YES_AGGRESSIVE;
				GCC_WARN_UNUSED_FUNCTION = YES;
				GCC_WARN_UNUSED_VARIABLE = YES;
				IPHONEOS_DEPLOYMENT_TARGET = 11.4;
				MTL_ENABLE_DEBUG_INFO = NO;
				SDKROOT = iphoneos;
				SWIFT_COMPILATION_MODE = wholemodule;
				SWIFT_OPTIMIZATION_LEVEL = "-O";
				VALIDATE_PRODUCT = YES;
			};
			name = Release;
		};
		86ECAB2B20F1600200EED033 /* Debug */ = {
			isa = XCBuildConfiguration;
			baseConfigurationReference = 4B9A9120757FD2CDF7413A74 /* Pods-TrackBit.debug.xcconfig */;
			buildSettings = {
				ASSETCATALOG_COMPILER_APPICON_NAME = AppIcon;
				CODE_SIGN_STYLE = Automatic;
				DEVELOPMENT_TEAM = 55776BLM7G;
				INFOPLIST_FILE = TrackBit/Info.plist;
				LD_RUNPATH_SEARCH_PATHS = (
					"$(inherited)",
					"@executable_path/Frameworks",
				);
				PRODUCT_BUNDLE_IDENTIFIER = Self.TrackBit;
				PRODUCT_NAME = "$(TARGET_NAME)";
				SWIFT_VERSION = 4.0;
				TARGETED_DEVICE_FAMILY = "1,2";
			};
			name = Debug;
		};
		86ECAB2C20F1600200EED033 /* Release */ = {
			isa = XCBuildConfiguration;
			baseConfigurationReference = FE653553CB3FA59C5D941F16 /* Pods-TrackBit.release.xcconfig */;
			buildSettings = {
				ASSETCATALOG_COMPILER_APPICON_NAME = AppIcon;
				CODE_SIGN_STYLE = Automatic;
				DEVELOPMENT_TEAM = 55776BLM7G;
				INFOPLIST_FILE = TrackBit/Info.plist;
				LD_RUNPATH_SEARCH_PATHS = (
					"$(inherited)",
					"@executable_path/Frameworks",
				);
				PRODUCT_BUNDLE_IDENTIFIER = Self.TrackBit;
				PRODUCT_NAME = "$(TARGET_NAME)";
				SWIFT_VERSION = 4.0;
				TARGETED_DEVICE_FAMILY = "1,2";
			};
			name = Release;
		};
/* End XCBuildConfiguration section */

/* Begin XCConfigurationList section */
		86ECAB1320F1600100EED033 /* Build configuration list for PBXProject "TrackBit" */ = {
			isa = XCConfigurationList;
			buildConfigurations = (
				86ECAB2820F1600200EED033 /* Debug */,
				86ECAB2920F1600200EED033 /* Release */,
			);
			defaultConfigurationIsVisible = 0;
			defaultConfigurationName = Release;
		};
		86ECAB2A20F1600200EED033 /* Build configuration list for PBXNativeTarget "TrackBit" */ = {
			isa = XCConfigurationList;
			buildConfigurations = (
				86ECAB2B20F1600200EED033 /* Debug */,
				86ECAB2C20F1600200EED033 /* Release */,
			);
			defaultConfigurationIsVisible = 0;
			defaultConfigurationName = Release;
		};
/* End XCConfigurationList section */
	};
	rootObject = 86ECAB1020F1600100EED033 /* Project object */;
}
